Microsoft Visual Studio Solution File, Format Version 11.00
# Visual Studio 2008

Project("{F375F20E-A197-6F04-AFC8-43CA8BD8711E}") = "Memory-Game-master", "Assembly-CSharp.csproj", "{D50B0491-1068-4E55-30D2-6B9FB53B0018}"
EndProject
Global
	GlobalSection(SolutionConfigurationPlatforms) = preSolution
		Debug|Any CPU = Debug|Any CPU
		Release|Any CPU = Release|Any CPU
	EndGlobalSection
	GlobalSection(ProjectConfigurationPlatforms) = postSolution
		{D50B0491-1068-4E55-30D2-6B9FB53B0018}.Debug|Any CPU.ActiveCfg = Debug|Any CPU
		{D50B0491-1068-4E55-30D2-6B9FB53B0018}.Debug|Any CPU.Build.0 = Debug|Any CPU
		{D50B0491-1068-4E55-30D2-6B9FB53B0018}.Release|Any CPU.ActiveCfg = Release|Any CPU
		{D50B0491-1068-4E55-30D2-6B9FB53B0018}.Release|Any CPU.Build.0 = Release|Any CPU
	EndGlobalSection
	GlobalSection(SolutionProperties) = preSolution
		HideSolutionNode = FALSE
	EndGlobalSection
					GlobalSection(MonoDevelopProperties) = preSolution
		StartupItem = Assembly-CSharp.csproj
		Policies = $0
		$0.TextStylePolicy = $1
		$1.inheritsSet = null
		$1.scope = text/x-csharp
		$0.CSharpFormattingPolicy = $2
		$2.inheritsSet = Mono
		$2.inheritsScope = text/x-csharp
		$2.scope = text/x-csharp
		$0.TextStylePolicy = $3
		$3.FileWidth = 120
		$3.TabWidth = 4
		$3.IndentWidth = 4
		$3.EolMarker = Unix
		$3.inheritsSet = Mono
		$3.inheritsScope = text/plain
		$3.scope = text/plain
	EndGlobalSection

EndGlobal
